{
    "_meta": {
        "hash": {
            "sha256": "1d05f94c9c2590e2081e4b263bb53ba43e9b36b0eda6c28da60a455371e24f1a"
        },
        "pipfile-spec": 6,
        "requires": {
            "python_full_version": "3.10.8",
            "python_version": "3.10"
        },
        "sources": [
            {
                "name": "pypi",
                "url": "https://pypi.org/simple",
                "verify_ssl": true
            }
        ]
    },
    "default": {
        "astor": {
            "hashes": [
                "sha256:070a54e890cefb5b3739d19f30f5a5ec840ffc9c50ffa7d23cc9fc1a38ebbfc5",
                "sha256:6a6effda93f4e1ce9f618779b2dd1d9d84f1e32812c23a29b3fff6fd7f63fa5e"
            ],
            "markers": "python_version >= '2.7' and python_version not in '3.0, 3.1, 3.2, 3.3'",
            "version": "==0.8.1"
        },
        "certifi": {
            "hashes": [
                "sha256:0d9c601124e5a6ba9712dbc60d9c53c21e34f5f641fe83002317394311bdce14",
                "sha256:90c1a32f1d68f940488354e36370f6cca89f0f106db09518524c88d6ed83f382"
            ],
            "markers": "python_version >= '3.6'",
            "version": "==2022.9.24"
        },
        "charset-normalizer": {
            "hashes": [
                "sha256:5a3d016c7c547f69d6f81fb0db9449ce888b418b5b9952cc5e6e66843e9dd845",
                "sha256:83e9a75d1911279afd89352c68b45348559d1fc0506b054b346651b5e7fee29f"
            ],
            "markers": "python_full_version >= '3.6.0'",
            "version": "==2.1.1"
        },
        "decorator": {
            "hashes": [
                "sha256:637996211036b6385ef91435e4fae22989472f9d571faba8927ba8253acbc330",
                "sha256:b8c3f85900b9dc423225913c5aace94729fe1fa9763b38939a95226f02d37186"
            ],
            "markers": "python_version >= '3.5'",
            "version": "==5.1.1"
        },
        "idna": {
            "hashes": [
                "sha256:814f528e8dead7d329833b91c5faa87d60bf71824cd12a7530b5526063d02cb4",
                "sha256:90b77e79eaa3eba6de819a0c442c0b4ceefc341a7a2ab77d7562bf49f425c5c2"
            ],
            "markers": "python_version >= '3.5'",
            "version": "==3.4"
        },
        "numpy": {
            "hashes": [
                "sha256:01dd17cbb340bf0fc23981e52e1d18a9d4050792e8fb8363cecbf066a84b827d",
                "sha256:06005a2ef6014e9956c09ba07654f9837d9e26696a0470e42beedadb78c11b07",
                "sha256:09b7847f7e83ca37c6e627682f145856de331049013853f344f37b0c9690e3df",
                "sha256:0aaee12d8883552fadfc41e96b4c82ee7d794949e2a7c3b3a7201e968c7ecab9",
                "sha256:0cbe9848fad08baf71de1a39e12d1b6310f1d5b2d0ea4de051058e6e1076852d",
                "sha256:1b1766d6f397c18153d40015ddfc79ddb715cabadc04d2d228d4e5a8bc4ded1a",
                "sha256:33161613d2269025873025b33e879825ec7b1d831317e68f4f2f0f84ed14c719",
                "sha256:5039f55555e1eab31124a5768898c9e22c25a65c1e0037f4d7c495a45778c9f2",
                "sha256:522e26bbf6377e4d76403826ed689c295b0b238f46c28a7251ab94716da0b280",
                "sha256:56e454c7833e94ec9769fa0f86e6ff8e42ee38ce0ce1fa4cbb747ea7e06d56aa",
                "sha256:58f545efd1108e647604a1b5aa809591ccd2540f468a880bedb97247e72db387",
                "sha256:5e05b1c973a9f858c74367553e236f287e749465f773328c8ef31abe18f691e1",
                "sha256:7903ba8ab592b82014713c491f6c5d3a1cde5b4a3bf116404e08f5b52f6daf43",
                "sha256:8969bfd28e85c81f3f94eb4a66bc2cf1dbdc5c18efc320af34bffc54d6b1e38f",
                "sha256:92c8c1e89a1f5028a4c6d9e3ccbe311b6ba53694811269b992c0b224269e2398",
                "sha256:9c88793f78fca17da0145455f0d7826bcb9f37da4764af27ac945488116efe63",
                "sha256:a7ac231a08bb37f852849bbb387a20a57574a97cfc7b6cabb488a4fc8be176de",
                "sha256:abdde9f795cf292fb9651ed48185503a2ff29be87770c3b8e2a14b0cd7aa16f8",
                "sha256:af1da88f6bc3d2338ebbf0e22fe487821ea4d8e89053e25fa59d1d79786e7481",
                "sha256:b2a9ab7c279c91974f756c84c365a669a887efa287365a8e2c418f8b3ba73fb0",
                "sha256:bf837dc63ba5c06dc8797c398db1e223a466c7ece27a1f7b5232ba3466aafe3d",
                "sha256:ca51fcfcc5f9354c45f400059e88bc09215fb71a48d3768fb80e357f3b457e1e",
                "sha256:ce571367b6dfe60af04e04a1834ca2dc5f46004ac1cc756fb95319f64c095a96",
                "sha256:d208a0f8729f3fb790ed18a003f3a57895b989b40ea4dce4717e9cf4af62c6bb",
                "sha256:dbee87b469018961d1ad79b1a5d50c0ae850000b639bcb1b694e9981083243b6",
                "sha256:e9f4c4e51567b616be64e05d517c79a8a22f3606499941d97bb76f2ca59f982d",
                "sha256:f063b69b090c9d918f9df0a12116029e274daf0181df392839661c4c7ec9018a",
                "sha256:f9a909a8bae284d46bbfdefbdd4a262ba19d3bc9921b1e76126b1d21c3c34135"
            ],
            "markers": "python_version >= '3.8'",
            "version": "==1.23.5"
        },
        "opt-einsum": {
            "hashes": [
                "sha256:2455e59e3947d3c275477df7f5205b30635e266fe6dc300e3d9f9646bfcea147",
                "sha256:59f6475f77bbc37dcf7cd748519c0ec60722e91e63ca114e68821c0c54a46549"
            ],
            "markers": "python_version >= '3.5'",
            "version": "==3.3.0"
        },
        "paddle-bfloat": {
            "hashes": [
                "sha256:0093d81e18a661443a326b59b74c39d470c56e53f74ee84a2f5a7b7278b73b73",
                "sha256:01ad0c4d5d7282f80e58479ef769a73016bfeb130c64c4cc76558123d3389be5",
                "sha256:024e6e8ab57d5b50d78a4e630956c9efd21527acad6d0b310d0c6d8f744dc08c",
                "sha256:02fd34ebc4c1e8c463b2eaec6f4c48af81bc34af1d96f177739842703cd3e54d",
                "sha256:053f1d6333401a79a3a1b9d359695a099c52e3866e732d771f9ae916affc9440",
                "sha256:09d8ad8ae78bcc32239249b00ed93548b6725871c74d25513c6d6b5b662dd15c",
                "sha256:12517c5fde40a13795c787e1595019ecb1c77da996fcdc1a844ca3a893c45a03",
                "sha256:133a9a9616da72d5d8293d818a9a222c69498438cc9706f4fe29a6005a98e63e",
                "sha256:165d85df08ca6fc8eb433bdfc806f970e289fa39bd1acc457fd92cd74fbdb976",
                "sha256:1a142415a585f795844effe671c3772e14e1c3918722ae283bdf7d5aeda1c3f0",
                "sha256:28ff36b903808c9e8beb1b692eed489898d6064bdd756093593f4152c7f65145",
                "sha256:2dbdbf1dfd76e10706d7471c840bbed189f7ef98dfd3f1a78b82c7b228cf816b",
                "sha256:359885a35601f44856f1b9ab2e450c84ed42384c5a1d95437d71c90d11a44124",
                "sha256:366979e28dda4014927628740fdc0ab203c23d7b9880970e4904416141ea4e5a",
                "sha256:36e69c136796bb9a0ac5135eef99d776142ec6ec5f3421d4b635a30604d6fdc7",
                "sha256:3cc9093df044562a240fe4c3720ffc346555a1ff567d296e5430a4d9bacaa0be",
                "sha256:403dca1934f70b2a815cb2999753e3edb5fabb44b0407783a231333558d9f324",
                "sha256:40a900fa9d38c82814641e1f5d08e3835d519c600c3c42590a409b240de4e228",
                "sha256:496f4db32d413cae615a4301d01956408def048e36dfef4c323ce31737a38461",
                "sha256:4c54e9d8ddd3b05a7babdb748ce34cc72bd30d17ed6108844088f5a67503a2ad",
                "sha256:4d5a7f305012a23f38cb6ce0a479b0da8cadc41ab0bab450cc5e53aa7f174b40",
                "sha256:52a986fd84dd4bbcada5b48d950cad8873aa79a1b5d292c91e50a99329fc9c8c",
                "sha256:55f4cb557dfde0f414729f3144cf69fdacfbdb6cd17e7e9d0b0a2bf6933b30ae",
                "sha256:56e65cbf7504bcc5f86e78839a31e0277b273b195ce9f49c39acc51018c764e9",
                "sha256:57cf1cb7a37008c4bc32e834ab6b7d14d5ba8ea384d7d7ec9048165722fd639f",
                "sha256:59362cd5a1f3a1354752ad45cebca4f43905d5768146dbf62230dd2e93abbaab",
                "sha256:59ca62f3fc010c14cb212dacdb4f550e5b789615a4129da153be83ce05fba5cb",
                "sha256:5b28b17582285b803c1ec14d13100997c2180075e5cca4d9397aa1d5191f2e22",
                "sha256:5fa783c33034d8a0a2640a68fac96ac74706c5951f90b652727d07b62274c446",
                "sha256:69ed36fcc727fc8d4426fd076a0e1db31fa92a31945fe53e6f8cead03801b42f",
                "sha256:6abd928cd6e7b3d5465eda670226833ab4610380f3a48e7625e852a31ce6205a",
                "sha256:6ff2adc16451f82963eb28b5bf729a281014b7f22c374f446c8e00ccc8db8149",
                "sha256:71dbee82d26273ad6a2c9011deaf0bad6c28557cab14df6d5ca49e880420ce8a",
                "sha256:7aab27bd5769a2747c04949e1236caaf06887a388b5062e07c541d840e82272f",
                "sha256:848421e7579fb724d94206bb3c0a31f891d52a3e2a8e23dc61129c8406158192",
                "sha256:8663a39c167d6314b41586ce737a9cf5ec2544f5dfbe4dc88fd19088d6d4aa55",
                "sha256:89af9bab9b717139205a2a67c33280a179ed900edf1501fa224e80e5420adc01",
                "sha256:8f914ad0e58a96b4be371ccdcfc31fcc6a0b3d7bb123834e8b16507483f24a4b",
                "sha256:90bb8d0b587a46606cabb134994ce824f5a704d35ff8d37743f832389b3a5ad7",
                "sha256:9252cf5a50f56d4f6afc2ff21745207a9d4b946c94e594da99c187767af3e45f",
                "sha256:9348868c3fcc2fa926e3c87f9da46d0954c68c10b5bbee52c7738d374c04558a",
                "sha256:940eafeab38b1b0d8df979c2152cff04be77930e33f0dfd416a4aed0514aed72",
                "sha256:954e8a3c24e3518675b76285f38ee6da588be571fa7bd12a4b004345d0959919",
                "sha256:998061e4a69dca0806746f33964ae6c9a435b56ceda034d3688263ff91205d73",
                "sha256:9ab8d00ad2ec5cebea7871cc8ee331eb916f31f676fb04e1d5aa3d64913ef71c",
                "sha256:9b24501d26939b632907fc8bbf1f0cb1836c101f0c31ab60139dc07f6f66a347",
                "sha256:9b57485eec8d3083932236b66960f91a107766a758443d326f0df57b97ef5c66",
                "sha256:9ba3b5d383a4b22ab9a46501c463f07392c57b5fa62da0364a8c4a283be96e4a",
                "sha256:a093463cf15cede02dc26c88b6e7ea3d34a636c0daa11fe9502d0856a1eafcde",
                "sha256:a4646aa7d85e49a6110feae57e5f95db558b42b58c4d031334bd84ed64632b02",
                "sha256:a4a39ef52cf4748d2a361ee4864d2b7447a70ece7154062f9f94f0e0aac76a4e",
                "sha256:a6f77283c9c16a33a1474832d4c502f818598ce3e5f279ff1828aa2722847367",
                "sha256:a7d29ee3ce519eb6915e388d2a5bec908210b2254d501d15e95d05f7ebf5dde9",
                "sha256:a83f78441bf39420dfd265d2b33999c348a537ca78ff9803a436c146010c1d9b",
                "sha256:a888a67c71351d58c7fac84e2a2ee937b9843509fc47ebd2e9334b0d1cdd2075",
                "sha256:accc85d449c7baaeff56dc30f11d06d668bb28812b273baa5ce3c06ebff06cb3",
                "sha256:acfeda79e12a678fbc98ca816283a62f55d5eb9d62a27f8979d446acbc251191",
                "sha256:ad05cb1f164ed4aa6c1db65b3edcca3455edd8f82264b6737bb7cd8d3bfc10c9",
                "sha256:ad3b64b53f5e27cfc37236a97ef3a3ef974146e35b17834dd982240284140761",
                "sha256:b03e845dc3734ee8a0e5c60f7b047769505e4bdd80daff8135d71198a98fedac",
                "sha256:b5d547a373fb0dec492b5fc1e9d6eb5b76367cc15c2cc9e8e133a1897787dcbd",
                "sha256:be34b7088cd5a4fc923c8449d3c9bb3945f0a76f733727a5a0b2ecbee12cbd84",
                "sha256:be35151122e2a8f63eafb2b97949583d7de12b742d43cfc7d4b233e6566dacc8",
                "sha256:be4133f55c24370c361dfe4a847f32c8f859675688dba82751e96f247bdb0cca",
                "sha256:be621fcdd81af0c8364cdff28284e40ab8aa4cfa1aea076b12ac9d8174405c63",
                "sha256:bf1e30781a9155d44bc5b6ad9c4a868b3c2a22d9896c8f0a07f974487f743ef7",
                "sha256:c289b68b43a88ae4e61b0f857c231666897e0cc5003019b9f7ba78d064157f5e",
                "sha256:c6fa388966bedc39e832d4ab5e365c1d75af2a2ea875a3d2c925a20dfc5bcefe",
                "sha256:c74ba54e8bb58744a8eafcb42dd6708a770f8b7033723b638faea007acfdd6a9",
                "sha256:c9e6bfacb194415bf8a5b9e7d4d7406c5d10df918be41f31ad935852ba303927",
                "sha256:cd8ff2b5100c7d3c371a4992c45d19052c98e8961de4da66b38d5d76f4e88ded",
                "sha256:dee09a3adc447647b9c1aba55d0435420aa333fa2e4ad994616e2083b0ff8840",
                "sha256:df4234f66d35fe1fbac8e4e956a0d4fde8ec368220a4fa9df051cfa7d7b9d921",
                "sha256:e16a12237976361ba889ea605067834f1d35bb322f104d440e6845a93246c8f7",
                "sha256:e1fa8156dc7aa009769198d3d69f0dd5a52f62b5229803691c08e42fc281ae93",
                "sha256:e684892005e65608b8b89efc33c4043e74474ceca3b82af92817ee76f57d50c9",
                "sha256:e73b52cf5bbaf75ce93715804c871fe889b3e3104ad853c4c9fe6cde604f9fb5",
                "sha256:f24d1a6754cbffebbca60086710981231c7e2a734a9bb64d73f8a9cca86e8b64",
                "sha256:f39fe90f9d654ea238d030ac185ab92664e64d718f1ac6453d7a5c755c6030d0",
                "sha256:f4892a8db2b4370494ab15988313a3b6b4e3a8b6a117dc989f2d381d67cda0ea",
                "sha256:fb962b17a806beaa15bad1d1a2be45864e7744e7c305f84311ce2e58077b623d",
                "sha256:fe11a1dae6ff6cd00cfce3e4dc94f87f86ac8d6024226b008c2b46f92c338cd5"
            ],
            "version": "==0.1.7"
        },
        "pillow": {
            "hashes": [
                "sha256:03150abd92771742d4a8cd6f2fa6246d847dcd2e332a18d0c15cc75bf6703040",
                "sha256:073adb2ae23431d3b9bcbcff3fe698b62ed47211d0716b067385538a1b0f28b8",
                "sha256:0b07fffc13f474264c336298d1b4ce01d9c5a011415b79d4ee5527bb69ae6f65",
                "sha256:0b7257127d646ff8676ec8a15520013a698d1fdc48bc2a79ba4e53df792526f2",
                "sha256:12ce4932caf2ddf3e41d17fc9c02d67126935a44b86df6a206cf0d7161548627",
                "sha256:15c42fb9dea42465dfd902fb0ecf584b8848ceb28b41ee2b58f866411be33f07",
                "sha256:18498994b29e1cf86d505edcb7edbe814d133d2232d256db8c7a8ceb34d18cef",
                "sha256:1c7c8ae3864846fc95f4611c78129301e203aaa2af813b703c55d10cc1628535",
                "sha256:22b012ea2d065fd163ca096f4e37e47cd8b59cf4b0fd47bfca6abb93df70b34c",
                "sha256:276a5ca930c913f714e372b2591a22c4bd3b81a418c0f6635ba832daec1cbcfc",
                "sha256:2e0918e03aa0c72ea56edbb00d4d664294815aa11291a11504a377ea018330d3",
                "sha256:3033fbe1feb1b59394615a1cafaee85e49d01b51d54de0cbf6aa8e64182518a1",
                "sha256:3168434d303babf495d4ba58fc22d6604f6e2afb97adc6a423e917dab828939c",
                "sha256:32a44128c4bdca7f31de5be641187367fe2a450ad83b833ef78910397db491aa",
                "sha256:3dd6caf940756101205dffc5367babf288a30043d35f80936f9bfb37f8355b32",
                "sha256:40e1ce476a7804b0fb74bcfa80b0a2206ea6a882938eaba917f7a0f004b42502",
                "sha256:41e0051336807468be450d52b8edd12ac60bebaa97fe10c8b660f116e50b30e4",
                "sha256:4390e9ce199fc1951fcfa65795f239a8a4944117b5935a9317fb320e7767b40f",
                "sha256:502526a2cbfa431d9fc2a079bdd9061a2397b842bb6bc4239bb176da00993812",
                "sha256:51e0e543a33ed92db9f5ef69a0356e0b1a7a6b6a71b80df99f1d181ae5875636",
                "sha256:57751894f6618fd4308ed8e0c36c333e2f5469744c34729a27532b3db106ee20",
                "sha256:5d77adcd56a42d00cc1be30843d3426aa4e660cab4a61021dc84467123f7a00c",
                "sha256:655a83b0058ba47c7c52e4e2df5ecf484c1b0b0349805896dd350cbc416bdd91",
                "sha256:68943d632f1f9e3dce98908e873b3a090f6cba1cbb1b892a9e8d97c938871fbe",
                "sha256:6c738585d7a9961d8c2821a1eb3dcb978d14e238be3d70f0a706f7fa9316946b",
                "sha256:73bd195e43f3fadecfc50c682f5055ec32ee2c933243cafbfdec69ab1aa87cad",
                "sha256:772a91fc0e03eaf922c63badeca75e91baa80fe2f5f87bdaed4280662aad25c9",
                "sha256:77ec3e7be99629898c9a6d24a09de089fa5356ee408cdffffe62d67bb75fdd72",
                "sha256:7db8b751ad307d7cf238f02101e8e36a128a6cb199326e867d1398067381bff4",
                "sha256:801ec82e4188e935c7f5e22e006d01611d6b41661bba9fe45b60e7ac1a8f84de",
                "sha256:82409ffe29d70fd733ff3c1025a602abb3e67405d41b9403b00b01debc4c9a29",
                "sha256:828989c45c245518065a110434246c44a56a8b2b2f6347d1409c787e6e4651ee",
                "sha256:829f97c8e258593b9daa80638aee3789b7df9da5cf1336035016d76f03b8860c",
                "sha256:871b72c3643e516db4ecf20efe735deb27fe30ca17800e661d769faab45a18d7",
                "sha256:89dca0ce00a2b49024df6325925555d406b14aa3efc2f752dbb5940c52c56b11",
                "sha256:90fb88843d3902fe7c9586d439d1e8c05258f41da473952aa8b328d8b907498c",
                "sha256:97aabc5c50312afa5e0a2b07c17d4ac5e865b250986f8afe2b02d772567a380c",
                "sha256:9aaa107275d8527e9d6e7670b64aabaaa36e5b6bd71a1015ddd21da0d4e06448",
                "sha256:9f47eabcd2ded7698106b05c2c338672d16a6f2a485e74481f524e2a23c2794b",
                "sha256:a0a06a052c5f37b4ed81c613a455a81f9a3a69429b4fd7bb913c3fa98abefc20",
                "sha256:ab388aaa3f6ce52ac1cb8e122c4bd46657c15905904b3120a6248b5b8b0bc228",
                "sha256:ad58d27a5b0262c0c19b47d54c5802db9b34d38bbf886665b626aff83c74bacd",
                "sha256:ae5331c23ce118c53b172fa64a4c037eb83c9165aba3a7ba9ddd3ec9fa64a699",
                "sha256:af0372acb5d3598f36ec0914deed2a63f6bcdb7b606da04dc19a88d31bf0c05b",
                "sha256:afa4107d1b306cdf8953edde0534562607fe8811b6c4d9a486298ad31de733b2",
                "sha256:b03ae6f1a1878233ac620c98f3459f79fd77c7e3c2b20d460284e1fb370557d4",
                "sha256:b0915e734b33a474d76c28e07292f196cdf2a590a0d25bcc06e64e545f2d146c",
                "sha256:b4012d06c846dc2b80651b120e2cdd787b013deb39c09f407727ba90015c684f",
                "sha256:b472b5ea442148d1c3e2209f20f1e0bb0eb556538690fa70b5e1f79fa0ba8dc2",
                "sha256:b59430236b8e58840a0dfb4099a0e8717ffb779c952426a69ae435ca1f57210c",
                "sha256:b90f7616ea170e92820775ed47e136208e04c967271c9ef615b6fbd08d9af0e3",
                "sha256:b9a65733d103311331875c1dca05cb4606997fd33d6acfed695b1232ba1df193",
                "sha256:bac18ab8d2d1e6b4ce25e3424f709aceef668347db8637c2296bcf41acb7cf48",
                "sha256:bca31dd6014cb8b0b2db1e46081b0ca7d936f856da3b39744aef499db5d84d02",
                "sha256:be55f8457cd1eac957af0c3f5ece7bc3f033f89b114ef30f710882717670b2a8",
                "sha256:c7025dce65566eb6e89f56c9509d4f628fddcedb131d9465cacd3d8bac337e7e",
                "sha256:c935a22a557a560108d780f9a0fc426dd7459940dc54faa49d83249c8d3e760f",
                "sha256:dbb8e7f2abee51cef77673be97760abff1674ed32847ce04b4af90f610144c7b",
                "sha256:e6ea6b856a74d560d9326c0f5895ef8050126acfdc7ca08ad703eb0081e82b74",
                "sha256:ebf2029c1f464c59b8bdbe5143c79fa2045a581ac53679733d3a91d400ff9efb",
                "sha256:f1ff2ee69f10f13a9596480335f406dd1f70c3650349e2be67ca3139280cade0"
            ],
            "markers": "python_version >= '3.7'",
            "version": "==9.3.0"
        },
        "protobuf": {
            "hashes": [
                "sha256:001c2160c03b6349c04de39cf1a58e342750da3632f6978a1634a3dcca1ec10e",
                "sha256:0b250c60256c8824219352dc2a228a6b49987e5bf94d3ffcf4c46585efcbd499",
                "sha256:1d24c81c2310f0063b8fc1c20c8ed01f3331be9374b4b5c2de846f69e11e21fb",
                "sha256:1eb13f5a5a59ca4973bcfa2fc8fff644bd39f2109c3f7a60bd5860cb6a49b679",
                "sha256:25d2fcd6eef340082718ec9ad2c58d734429f2b1f7335d989523852f2bba220b",
                "sha256:32bf4a90c207a0b4e70ca6dd09d43de3cb9898f7d5b69c2e9e3b966a7f342820",
                "sha256:38fd9eb74b852e4ee14b16e9670cd401d147ee3f3ec0d4f7652e0c921d6227f8",
                "sha256:47257d932de14a7b6c4ae1b7dbf592388153ee35ec7cae216b87ae6490ed39a3",
                "sha256:4eda68bd9e2a4879385e6b1ea528c976f59cd9728382005cc54c28bcce8db983",
                "sha256:52bae32a147c375522ce09bd6af4d2949aca32a0415bc62df1456b3ad17c6001",
                "sha256:542f25a4adf3691a306dcc00bf9a73176554938ec9b98f20f929a044f80acf1b",
                "sha256:5b5860b790498f233cdc8d635a17fc08de62e59d4dcd8cdb6c6c0d38a31edf2b",
                "sha256:6efe066a7135233f97ce51a1aa007d4fb0be28ef093b4f88dac4ad1b3a2b7b6f",
                "sha256:71b2c3d1cd26ed1ec7c8196834143258b2ad7f444efff26fdc366c6f5e752702",
                "sha256:7a53d4035427b9dbfbb397f46642754d294f131e93c661d056366f2a31438263",
                "sha256:7dcd84dc31ebb35ade755e06d1561d1bd3b85e85dbdbf6278011fc97b22810db",
                "sha256:88c8be0558bdfc35e68c42ae5bf785eb9390d25915d4863bbc7583d23da77074",
                "sha256:8be43a91ab66fe995e85ccdbdd1046d9f0443d59e060c0840319290de25b7d33",
                "sha256:8d84453422312f8275455d1cb52d850d6a4d7d714b784e41b573c6f5bfc2a029",
                "sha256:9d0f3aca8ca51c8b5e204ab92bd8afdb2a8e3df46bd0ce0bd39065d79aabcaa4",
                "sha256:a1eebb6eb0653e594cb86cd8e536b9b083373fca9aba761ade6cd412d46fb2ab",
                "sha256:bc14037281db66aa60856cd4ce4541a942040686d290e3f3224dd3978f88f554",
                "sha256:fbcbb068ebe67c4ff6483d2e2aa87079c325f8470b24b098d6bf7d4d21d57a69",
                "sha256:fd7133b885e356fa4920ead8289bb45dc6f185a164e99e10279f33732ed5ce15"
            ],
            "markers": "python_version >= '3.7'",
            "version": "==3.20.0"
        },
        "pygame": {
            "hashes": [
                "sha256:0427c103f741234336e5606d2fad86f5403c1a3d1dc55c309fbff3c984f0c9ae",
                "sha256:07ca9f683075aea9bd977af9f09a720ebf747343d3ea8103e4f1735283b02330",
                "sha256:0e06ae8e1c830f1b9c36a2bc6bb11de840232e95b78e2c349c6ed803a303be19",
                "sha256:0e97d38308c441942577fea7fcd1326308bc56d6be6c024218e94d075d322e0f",
                "sha256:119dee20c372c85dc47b717119534d15a60c64ceab8b0eb09278866d10486afe",
                "sha256:1219a963941bd53aa754e8449364c142004fe706c33a9c22ff2a76521a82d078",
                "sha256:1fddec8829e96424800c806582d73a5173b7d48946cccf7d035839ca09850db8",
                "sha256:20676da24e3e3e6b9fc4eecc7ba09d77ef46c3a83a028763ba1d222476c2e3fb",
                "sha256:2405414d8c572668e04739875661e030a0c588e197fa95463fe301c3d0a0510b",
                "sha256:24254c4244f0d9bdc904f5d3f38e86757ca4c6aa0e44a6d55ef5e016bc7274d6",
                "sha256:24b4f7f30fa2b3d092b60be6fcc725fb91d569fc87a9bcc91614ee8b0c005726",
                "sha256:3bb0674aa789848ddc264bfc60c54965bf3bb659c141de4f600e379acc9b944c",
                "sha256:3c8d6637ff75351e581327efefa9d04eeb0f257b533392b6cc6b15ceca4f7c5e",
                "sha256:40e4d8d65985bb467d9c5a1305fb53fd6820c61d764979600becab973339676f",
                "sha256:4aa3ae32320cc704d63e185864e44f6265c2a6e52c9384afe152cc3d51b3a2ef",
                "sha256:50d9a21edd551669862c27c9272747401b20b1939abaacb842c08ea1cdd1c04d",
                "sha256:5c7600bf307de1ca1dca0cc7840e34604d5b0b0a5a5dad345c3fa62b054b886d",
                "sha256:5d0c14152d0ca8ef5fbcc5ed9981462bdf59a9ae85a291e62d8a8d0b7e5cbe43",
                "sha256:5e88b0d4338b94960686f59396f23f7f684fed4859fcc3b9f40286d72c1c61af",
                "sha256:5ebbefb8b576572c8fc97a3321d37dc2b4afea6b6e3877a67f7158d8c2c4cefe",
                "sha256:636f51f56615d67459b11918206bb4da30cd7d7042027bf997c218ccd6c77902",
                "sha256:660c80c0b2e80f1f801715583b759fb4c7bc0c11eb3b534e89c9fc4bfbc38acd",
                "sha256:6ecda8dd4583982bb65f9c682f244a5e94524dcf628379766227e9ed97201a49",
                "sha256:754c2906f2ef47173a14493e1de116b2a56a2c8e1764f1202ba844d080248a5b",
                "sha256:7889dce887ec83c9a0bef8d9eb3669d8863fdaf37c45bacec707d8ad90b24a38",
                "sha256:7fdb93b4282962c9a2ebf1af994ee698be823dd913218ed97a5f2fb372b10b66",
                "sha256:8e87716114e97322fb177e223d889a4be369a0f73212f4f8507fe0cd43253b23",
                "sha256:93c4cbfc942dd00410eaa9e84252129f9f9993f37f683006d7b49ab245342254",
                "sha256:9649419254d3282dae41f23837de4108b17bc62187c3acd8af2ae3801b765cbd",
                "sha256:97a74ba186deee68318a52637012ef6abf5be6282c659e1d1ba6ad08cf35ec85",
                "sha256:9d6452419e01a0f848aed0597f69fd10a4c2a7750c15d1b0607f86090a39dcf3",
                "sha256:9d7b021b8dde5d528363e474bc18bd6f79a9666eef89fb4859bcb8f0a536c9de",
                "sha256:a0ccf8e3dce7ca67d523a6020b7e3dbf4b26797a9a8db5cc4c7b5ef20fb64701",
                "sha256:a56a811d8821f7b9a594e3d0e0dd8bd39b25e3eea8963d5963263b90fd2ea5c2",
                "sha256:c5ea87da5fe4b6164c3854f3b0c9146811dbad0dd7fa74297683dfacc485ae1c",
                "sha256:c99b95e62cdda29c2e60235d7763447c168a6a877403e6f9ca5b2e2bb297c2ce",
                "sha256:c9ce7f3d8af14d7e04eb7eb41c5e5313c43508c252bb2b9eb53e51fc87ada9fd",
                "sha256:ca5ef1315fa67c241a657ab077be44f230c05740c95f0b46409457dceefdc7e5",
                "sha256:d2d3c50ee9847b743db6cd7b1bb17a94c2c2abc16679d70f5e745cabdf19e655",
                "sha256:d6d0eca28f886f0477cd0721ac688189155a587f2bb8eae740e52ca56c3ad23c",
                "sha256:dad6bf3fdd3752d7519422f3732be779b98fe7c87d32c3efe2fdffdcbeebb6ca",
                "sha256:db2f40d5a75fd9cdda473c58b0d8b294da6e0179f00bb3b1fc2f7f29cac09bea",
                "sha256:dc4444d61d48c5546df5137cdf81554887ddb6e2ef1be7f51eb77ea3b6bdd56f",
                "sha256:dcc285ee1f1d0e2672cc52f880fd3f564b1505de710e817f692fbf64a72ca657",
                "sha256:dd528dbb91eca16f7522c975d0f9e94b95f6b5024c82c3247dc0383d242d33c6",
                "sha256:e09044e9e1aa8512d6a9c7ce5f94b881824bcfc401105f3c24f546dfc3bb4aa5",
                "sha256:e18c9466131378421d00fc40b637425229238d506a073d9c537b230b355a25d6",
                "sha256:e1bb25986db77a48f632469c6bc61baf7508ce945aa6161c02180d4ee5ac5b8d",
                "sha256:e4b4cd440d50a9f8551b8989e856aab175593af07eb825cad22fd2f8f6f2ffce",
                "sha256:e627300a66a90651fb39e41601d447b1fdbbfffca3f08ef0278d6cc0436b2160",
                "sha256:e7a8e18677e0064b7a422f6653a622652d932826a27e50f279d55a8b122a1a83",
                "sha256:e8632f6b2ddb90f6f3950744bd65d5ef15af615e3034057fa30ff836f48a7179",
                "sha256:ea36f4f93524554a35cac2359df63b50af6556ed866830aa1f07f0d8580280ea",
                "sha256:f149e182d0eeef15d8a9b4c9dad1b87dc6eba3a99bd3c44a777a3a2b053a3dca",
                "sha256:fc2e5db54491e8f27785fc5204c96f540d3557dcf5b0a9a857b6594d6b32561b",
                "sha256:fc30e834f65b893d1b4c230070183bf98e6b70c41c1511687e8436a33d5ce49d",
                "sha256:fcc9586e17875c0cdf8764597955f9daa979098fd4f80be07ed68276ac225480",
                "sha256:ff961c3280d6ee5f4163f4772f963d7a4dbe42e36c6dd54b79ad436c1f046e5d"
            ],
            "index": "pypi",
            "version": "==2.1.2"
        },
        "requests": {
            "hashes": [
                "sha256:7c5599b102feddaa661c826c56ab4fee28bfd17f5abca1ebbe3e7f19d7c97983",
                "sha256:8fefa2a1a1365bf5520aac41836fbee479da67864514bdb821f31ce07ce65349"
            ],
            "markers": "python_version >= '3.7' and python_version < '4'",
            "version": "==2.28.1"
        },
        "six": {
            "hashes": [
                "sha256:1e61c37477a1626458e36f7b1d82aa5c9b094fa4802892072e49de9c60c4c926",
                "sha256:8abb2f1d86890a2dfb989f9a77cfcfd3e47c2a354b01111771326f8aa26e0254"
            ],
            "markers": "python_version >= '2.7' and python_version not in '3.0, 3.1, 3.2, 3.3'",
            "version": "==1.16.0"
        },
        "urllib3": {
            "hashes": [
                "sha256:3fa96cf423e6987997fc326ae8df396db2a8b7c667747d47ddd8ecba91f4a74e",
                "sha256:b930dd878d5a8afb066a637fbb35144fe7901e3b209d1cd4f524bd0e9deee997"
            ],
            "markers": "python_version >= '2.7' and python_version not in '3.0, 3.1, 3.2, 3.3, 3.4, 3.5' and python_version < '4'",
            "version": "==1.26.12"
        }
    },
    "develop": {}
}
