{
    "_meta": {
        "hash": {
            "sha256": "03a0ea01accf7664bdeaa7a2a432f87cf786e93d083ad1f1c86a30e3e9d6b660"
        },
        "pipfile-spec": 6,
        "requires": {
            "python_full_version": "3.10.8",
            "python_version": "3.10"
        },
        "sources": [
            {
                "name": "pypi",
                "url": "https://pypi.org/simple",
                "verify_ssl": true
            }
        ]
    },
    "default": {
        "astor": {
            "hashes": [
                "sha256:070a54e890cefb5b3739d19f30f5a5ec840ffc9c50ffa7d23cc9fc1a38ebbfc5",
                "sha256:6a6effda93f4e1ce9f618779b2dd1d9d84f1e32812c23a29b3fff6fd7f63fa5e"
            ],
            "markers": "python_version >= '2.7' and python_version not in '3.0, 3.1, 3.2, 3.3'",
            "version": "==0.8.1"
        },
        "certifi": {
            "hashes": [
                "sha256:0d9c601124e5a6ba9712dbc60d9c53c21e34f5f641fe83002317394311bdce14",
                "sha256:90c1a32f1d68f940488354e36370f6cca89f0f106db09518524c88d6ed83f382"
            ],
            "markers": "python_version >= '3.6'",
            "version": "==2022.9.24"
        },
        "charset-normalizer": {
            "hashes": [
                "sha256:5a3d016c7c547f69d6f81fb0db9449ce888b418b5b9952cc5e6e66843e9dd845",
                "sha256:83e9a75d1911279afd89352c68b45348559d1fc0506b054b346651b5e7fee29f"
            ],
            "markers": "python_full_version >= '3.6.0'",
            "version": "==2.1.1"
        },
        "decorator": {
            "hashes": [
                "sha256:637996211036b6385ef91435e4fae22989472f9d571faba8927ba8253acbc330",
                "sha256:b8c3f85900b9dc423225913c5aace94729fe1fa9763b38939a95226f02d37186"
            ],
            "markers": "python_version >= '3.5'",
            "version": "==5.1.1"
        },
        "idna": {
            "hashes": [
                "sha256:814f528e8dead7d329833b91c5faa87d60bf71824cd12a7530b5526063d02cb4",
                "sha256:90b77e79eaa3eba6de819a0c442c0b4ceefc341a7a2ab77d7562bf49f425c5c2"
            ],
            "markers": "python_version >= '3.5'",
            "version": "==3.4"
        },
        "numpy": {
            "hashes": [
                "sha256:01dd17cbb340bf0fc23981e52e1d18a9d4050792e8fb8363cecbf066a84b827d",
                "sha256:06005a2ef6014e9956c09ba07654f9837d9e26696a0470e42beedadb78c11b07",
                "sha256:09b7847f7e83ca37c6e627682f145856de331049013853f344f37b0c9690e3df",
                "sha256:0aaee12d8883552fadfc41e96b4c82ee7d794949e2a7c3b3a7201e968c7ecab9",
                "sha256:0cbe9848fad08baf71de1a39e12d1b6310f1d5b2d0ea4de051058e6e1076852d",
                "sha256:1b1766d6f397c18153d40015ddfc79ddb715cabadc04d2d228d4e5a8bc4ded1a",
                "sha256:33161613d2269025873025b33e879825ec7b1d831317e68f4f2f0f84ed14c719",
                "sha256:5039f55555e1eab31124a5768898c9e22c25a65c1e0037f4d7c495a45778c9f2",
                "sha256:522e26bbf6377e4d76403826ed689c295b0b238f46c28a7251ab94716da0b280",
                "sha256:56e454c7833e94ec9769fa0f86e6ff8e42ee38ce0ce1fa4cbb747ea7e06d56aa",
                "sha256:58f545efd1108e647604a1b5aa809591ccd2540f468a880bedb97247e72db387",
                "sha256:5e05b1c973a9f858c74367553e236f287e749465f773328c8ef31abe18f691e1",
                "sha256:7903ba8ab592b82014713c491f6c5d3a1cde5b4a3bf116404e08f5b52f6daf43",
                "sha256:8969bfd28e85c81f3f94eb4a66bc2cf1dbdc5c18efc320af34bffc54d6b1e38f",
                "sha256:92c8c1e89a1f5028a4c6d9e3ccbe311b6ba53694811269b992c0b224269e2398",
                "sha256:9c88793f78fca17da0145455f0d7826bcb9f37da4764af27ac945488116efe63",
                "sha256:a7ac231a08bb37f852849bbb387a20a57574a97cfc7b6cabb488a4fc8be176de",
                "sha256:abdde9f795cf292fb9651ed48185503a2ff29be87770c3b8e2a14b0cd7aa16f8",
                "sha256:af1da88f6bc3d2338ebbf0e22fe487821ea4d8e89053e25fa59d1d79786e7481",
                "sha256:b2a9ab7c279c91974f756c84c365a669a887efa287365a8e2c418f8b3ba73fb0",
                "sha256:bf837dc63ba5c06dc8797c398db1e223a466c7ece27a1f7b5232ba3466aafe3d",
                "sha256:ca51fcfcc5f9354c45f400059e88bc09215fb71a48d3768fb80e357f3b457e1e",
                "sha256:ce571367b6dfe60af04e04a1834ca2dc5f46004ac1cc756fb95319f64c095a96",
                "sha256:d208a0f8729f3fb790ed18a003f3a57895b989b40ea4dce4717e9cf4af62c6bb",
                "sha256:dbee87b469018961d1ad79b1a5d50c0ae850000b639bcb1b694e9981083243b6",
                "sha256:e9f4c4e51567b616be64e05d517c79a8a22f3606499941d97bb76f2ca59f982d",
                "sha256:f063b69b090c9d918f9df0a12116029e274daf0181df392839661c4c7ec9018a",
                "sha256:f9a909a8bae284d46bbfdefbdd4a262ba19d3bc9921b1e76126b1d21c3c34135"
            ],
            "markers": "python_version >= '3.8'",
            "version": "==1.23.5"
        },
        "opt-einsum": {
            "hashes": [
                "sha256:2455e59e3947d3c275477df7f5205b30635e266fe6dc300e3d9f9646bfcea147",
                "sha256:59f6475f77bbc37dcf7cd748519c0ec60722e91e63ca114e68821c0c54a46549"
            ],
            "markers": "python_version >= '3.5'",
            "version": "==3.3.0"
        },
        "paddle-bfloat": {
            "hashes": [
                "sha256:0093d81e18a661443a326b59b74c39d470c56e53f74ee84a2f5a7b7278b73b73",
                "sha256:01ad0c4d5d7282f80e58479ef769a73016bfeb130c64c4cc76558123d3389be5",
                "sha256:024e6e8ab57d5b50d78a4e630956c9efd21527acad6d0b310d0c6d8f744dc08c",
                "sha256:02fd34ebc4c1e8c463b2eaec6f4c48af81bc34af1d96f177739842703cd3e54d",
                "sha256:053f1d6333401a79a3a1b9d359695a099c52e3866e732d771f9ae916affc9440",
                "sha256:09d8ad8ae78bcc32239249b00ed93548b6725871c74d25513c6d6b5b662dd15c",
                "sha256:12517c5fde40a13795c787e1595019ecb1c77da996fcdc1a844ca3a893c45a03",
                "sha256:133a9a9616da72d5d8293d818a9a222c69498438cc9706f4fe29a6005a98e63e",
                "sha256:165d85df08ca6fc8eb433bdfc806f970e289fa39bd1acc457fd92cd74fbdb976",
                "sha256:1a142415a585f795844effe671c3772e14e1c3918722ae283bdf7d5aeda1c3f0",
                "sha256:28ff36b903808c9e8beb1b692eed489898d6064bdd756093593f4152c7f65145",
                "sha256:2dbdbf1dfd76e10706d7471c840bbed189f7ef98dfd3f1a78b82c7b228cf816b",
                "sha256:359885a35601f44856f1b9ab2e450c84ed42384c5a1d95437d71c90d11a44124",
                "sha256:366979e28dda4014927628740fdc0ab203c23d7b9880970e4904416141ea4e5a",
                "sha256:36e69c136796bb9a0ac5135eef99d776142ec6ec5f3421d4b635a30604d6fdc7",
                "sha256:3cc9093df044562a240fe4c3720ffc346555a1ff567d296e5430a4d9bacaa0be",
                "sha256:403dca1934f70b2a815cb2999753e3edb5fabb44b0407783a231333558d9f324",
                "sha256:40a900fa9d38c82814641e1f5d08e3835d519c600c3c42590a409b240de4e228",
                "sha256:496f4db32d413cae615a4301d01956408def048e36dfef4c323ce31737a38461",
                "sha256:4c54e9d8ddd3b05a7babdb748ce34cc72bd30d17ed6108844088f5a67503a2ad",
                "sha256:4d5a7f305012a23f38cb6ce0a479b0da8cadc41ab0bab450cc5e53aa7f174b40",
                "sha256:52a986fd84dd4bbcada5b48d950cad8873aa79a1b5d292c91e50a99329fc9c8c",
                "sha256:55f4cb557dfde0f414729f3144cf69fdacfbdb6cd17e7e9d0b0a2bf6933b30ae",
                "sha256:56e65cbf7504bcc5f86e78839a31e0277b273b195ce9f49c39acc51018c764e9",
                "sha256:57cf1cb7a37008c4bc32e834ab6b7d14d5ba8ea384d7d7ec9048165722fd639f",
                "sha256:59362cd5a1f3a1354752ad45cebca4f43905d5768146dbf62230dd2e93abbaab",
                "sha256:59ca62f3fc010c14cb212dacdb4f550e5b789615a4129da153be83ce05fba5cb",
                "sha256:5b28b17582285b803c1ec14d13100997c2180075e5cca4d9397aa1d5191f2e22",
                "sha256:5fa783c33034d8a0a2640a68fac96ac74706c5951f90b652727d07b62274c446",
                "sha256:69ed36fcc727fc8d4426fd076a0e1db31fa92a31945fe53e6f8cead03801b42f",
                "sha256:6abd928cd6e7b3d5465eda670226833ab4610380f3a48e7625e852a31ce6205a",
                "sha256:6ff2adc16451f82963eb28b5bf729a281014b7f22c374f446c8e00ccc8db8149",
                "sha256:71dbee82d26273ad6a2c9011deaf0bad6c28557cab14df6d5ca49e880420ce8a",
                "sha256:7aab27bd5769a2747c04949e1236caaf06887a388b5062e07c541d840e82272f",
                "sha256:848421e7579fb724d94206bb3c0a31f891d52a3e2a8e23dc61129c8406158192",
                "sha256:8663a39c167d6314b41586ce737a9cf5ec2544f5dfbe4dc88fd19088d6d4aa55",
                "sha256:89af9bab9b717139205a2a67c33280a179ed900edf1501fa224e80e5420adc01",
                "sha256:8f914ad0e58a96b4be371ccdcfc31fcc6a0b3d7bb123834e8b16507483f24a4b",
                "sha256:90bb8d0b587a46606cabb134994ce824f5a704d35ff8d37743f832389b3a5ad7",
                "sha256:9252cf5a50f56d4f6afc2ff21745207a9d4b946c94e594da99c187767af3e45f",
                "sha256:9348868c3fcc2fa926e3c87f9da46d0954c68c10b5bbee52c7738d374c04558a",
                "sha256:940eafeab38b1b0d8df979c2152cff04be77930e33f0dfd416a4aed0514aed72",
                "sha256:954e8a3c24e3518675b76285f38ee6da588be571fa7bd12a4b004345d0959919",
                "sha256:998061e4a69dca0806746f33964ae6c9a435b56ceda034d3688263ff91205d73",
                "sha256:9ab8d00ad2ec5cebea7871cc8ee331eb916f31f676fb04e1d5aa3d64913ef71c",
                "sha256:9b24501d26939b632907fc8bbf1f0cb1836c101f0c31ab60139dc07f6f66a347",
                "sha256:9b57485eec8d3083932236b66960f91a107766a758443d326f0df57b97ef5c66",
                "sha256:9ba3b5d383a4b22ab9a46501c463f07392c57b5fa62da0364a8c4a283be96e4a",
                "sha256:a093463cf15cede02dc26c88b6e7ea3d34a636c0daa11fe9502d0856a1eafcde",
                "sha256:a4646aa7d85e49a6110feae57e5f95db558b42b58c4d031334bd84ed64632b02",
                "sha256:a4a39ef52cf4748d2a361ee4864d2b7447a70ece7154062f9f94f0e0aac76a4e",
                "sha256:a6f77283c9c16a33a1474832d4c502f818598ce3e5f279ff1828aa2722847367",
                "sha256:a7d29ee3ce519eb6915e388d2a5bec908210b2254d501d15e95d05f7ebf5dde9",
                "sha256:a83f78441bf39420dfd265d2b33999c348a537ca78ff9803a436c146010c1d9b",
                "sha256:a888a67c71351d58c7fac84e2a2ee937b9843509fc47ebd2e9334b0d1cdd2075",
                "sha256:accc85d449c7baaeff56dc30f11d06d668bb28812b273baa5ce3c06ebff06cb3",
                "sha256:acfeda79e12a678fbc98ca816283a62f55d5eb9d62a27f8979d446acbc251191",
                "sha256:ad05cb1f164ed4aa6c1db65b3edcca3455edd8f82264b6737bb7cd8d3bfc10c9",
                "sha256:ad3b64b53f5e27cfc37236a97ef3a3ef974146e35b17834dd982240284140761",
                "sha256:b03e845dc3734ee8a0e5c60f7b047769505e4bdd80daff8135d71198a98fedac",
                "sha256:b5d547a373fb0dec492b5fc1e9d6eb5b76367cc15c2cc9e8e133a1897787dcbd",
                "sha256:be34b7088cd5a4fc923c8449d3c9bb3945f0a76f733727a5a0b2ecbee12cbd84",
                "sha256:be35151122e2a8f63eafb2b97949583d7de12b742d43cfc7d4b233e6566dacc8",
                "sha256:be4133f55c24370c361dfe4a847f32c8f859675688dba82751e96f247bdb0cca",
                "sha256:be621fcdd81af0c8364cdff28284e40ab8aa4cfa1aea076b12ac9d8174405c63",
                "sha256:bf1e30781a9155d44bc5b6ad9c4a868b3c2a22d9896c8f0a07f974487f743ef7",
                "sha256:c289b68b43a88ae4e61b0f857c231666897e0cc5003019b9f7ba78d064157f5e",
                "sha256:c6fa388966bedc39e832d4ab5e365c1d75af2a2ea875a3d2c925a20dfc5bcefe",
                "sha256:c74ba54e8bb58744a8eafcb42dd6708a770f8b7033723b638faea007acfdd6a9",
                "sha256:c9e6bfacb194415bf8a5b9e7d4d7406c5d10df918be41f31ad935852ba303927",
                "sha256:cd8ff2b5100c7d3c371a4992c45d19052c98e8961de4da66b38d5d76f4e88ded",
                "sha256:dee09a3adc447647b9c1aba55d0435420aa333fa2e4ad994616e2083b0ff8840",
                "sha256:df4234f66d35fe1fbac8e4e956a0d4fde8ec368220a4fa9df051cfa7d7b9d921",
                "sha256:e16a12237976361ba889ea605067834f1d35bb322f104d440e6845a93246c8f7",
                "sha256:e1fa8156dc7aa009769198d3d69f0dd5a52f62b5229803691c08e42fc281ae93",
                "sha256:e684892005e65608b8b89efc33c4043e74474ceca3b82af92817ee76f57d50c9",
                "sha256:e73b52cf5bbaf75ce93715804c871fe889b3e3104ad853c4c9fe6cde604f9fb5",
                "sha256:f24d1a6754cbffebbca60086710981231c7e2a734a9bb64d73f8a9cca86e8b64",
                "sha256:f39fe90f9d654ea238d030ac185ab92664e64d718f1ac6453d7a5c755c6030d0",
                "sha256:f4892a8db2b4370494ab15988313a3b6b4e3a8b6a117dc989f2d381d67cda0ea",
                "sha256:fb962b17a806beaa15bad1d1a2be45864e7744e7c305f84311ce2e58077b623d",
                "sha256:fe11a1dae6ff6cd00cfce3e4dc94f87f86ac8d6024226b008c2b46f92c338cd5"
            ],
            "version": "==0.1.7"
        },
        "pillow": {
            "hashes": [
                "sha256:03150abd92771742d4a8cd6f2fa6246d847dcd2e332a18d0c15cc75bf6703040",
                "sha256:073adb2ae23431d3b9bcbcff3fe698b62ed47211d0716b067385538a1b0f28b8",
                "sha256:0b07fffc13f474264c336298d1b4ce01d9c5a011415b79d4ee5527bb69ae6f65",
                "sha256:0b7257127d646ff8676ec8a15520013a698d1fdc48bc2a79ba4e53df792526f2",
                "sha256:12ce4932caf2ddf3e41d17fc9c02d67126935a44b86df6a206cf0d7161548627",
                "sha256:15c42fb9dea42465dfd902fb0ecf584b8848ceb28b41ee2b58f866411be33f07",
                "sha256:18498994b29e1cf86d505edcb7edbe814d133d2232d256db8c7a8ceb34d18cef",
                "sha256:1c7c8ae3864846fc95f4611c78129301e203aaa2af813b703c55d10cc1628535",
                "sha256:22b012ea2d065fd163ca096f4e37e47cd8b59cf4b0fd47bfca6abb93df70b34c",
                "sha256:276a5ca930c913f714e372b2591a22c4bd3b81a418c0f6635ba832daec1cbcfc",
                "sha256:2e0918e03aa0c72ea56edbb00d4d664294815aa11291a11504a377ea018330d3",
                "sha256:3033fbe1feb1b59394615a1cafaee85e49d01b51d54de0cbf6aa8e64182518a1",
                "sha256:3168434d303babf495d4ba58fc22d6604f6e2afb97adc6a423e917dab828939c",
                "sha256:32a44128c4bdca7f31de5be641187367fe2a450ad83b833ef78910397db491aa",
                "sha256:3dd6caf940756101205dffc5367babf288a30043d35f80936f9bfb37f8355b32",
                "sha256:40e1ce476a7804b0fb74bcfa80b0a2206ea6a882938eaba917f7a0f004b42502",
                "sha256:41e0051336807468be450d52b8edd12ac60bebaa97fe10c8b660f116e50b30e4",
                "sha256:4390e9ce199fc1951fcfa65795f239a8a4944117b5935a9317fb320e7767b40f",
                "sha256:502526a2cbfa431d9fc2a079bdd9061a2397b842bb6bc4239bb176da00993812",
                "sha256:51e0e543a33ed92db9f5ef69a0356e0b1a7a6b6a71b80df99f1d181ae5875636",
                "sha256:57751894f6618fd4308ed8e0c36c333e2f5469744c34729a27532b3db106ee20",
                "sha256:5d77adcd56a42d00cc1be30843d3426aa4e660cab4a61021dc84467123f7a00c",
                "sha256:655a83b0058ba47c7c52e4e2df5ecf484c1b0b0349805896dd350cbc416bdd91",
                "sha256:68943d632f1f9e3dce98908e873b3a090f6cba1cbb1b892a9e8d97c938871fbe",
                "sha256:6c738585d7a9961d8c2821a1eb3dcb978d14e238be3d70f0a706f7fa9316946b",
                "sha256:73bd195e43f3fadecfc50c682f5055ec32ee2c933243cafbfdec69ab1aa87cad",
                "sha256:772a91fc0e03eaf922c63badeca75e91baa80fe2f5f87bdaed4280662aad25c9",
                "sha256:77ec3e7be99629898c9a6d24a09de089fa5356ee408cdffffe62d67bb75fdd72",
                "sha256:7db8b751ad307d7cf238f02101e8e36a128a6cb199326e867d1398067381bff4",
                "sha256:801ec82e4188e935c7f5e22e006d01611d6b41661bba9fe45b60e7ac1a8f84de",
                "sha256:82409ffe29d70fd733ff3c1025a602abb3e67405d41b9403b00b01debc4c9a29",
                "sha256:828989c45c245518065a110434246c44a56a8b2b2f6347d1409c787e6e4651ee",
                "sha256:829f97c8e258593b9daa80638aee3789b7df9da5cf1336035016d76f03b8860c",
                "sha256:871b72c3643e516db4ecf20efe735deb27fe30ca17800e661d769faab45a18d7",
                "sha256:89dca0ce00a2b49024df6325925555d406b14aa3efc2f752dbb5940c52c56b11",
                "sha256:90fb88843d3902fe7c9586d439d1e8c05258f41da473952aa8b328d8b907498c",
                "sha256:97aabc5c50312afa5e0a2b07c17d4ac5e865b250986f8afe2b02d772567a380c",
                "sha256:9aaa107275d8527e9d6e7670b64aabaaa36e5b6bd71a1015ddd21da0d4e06448",
                "sha256:9f47eabcd2ded7698106b05c2c338672d16a6f2a485e74481f524e2a23c2794b",
                "sha256:a0a06a052c5f37b4ed81c613a455a81f9a3a69429b4fd7bb913c3fa98abefc20",
                "sha256:ab388aaa3f6ce52ac1cb8e122c4bd46657c15905904b3120a6248b5b8b0bc228",
                "sha256:ad58d27a5b0262c0c19b47d54c5802db9b34d38bbf886665b626aff83c74bacd",
                "sha256:ae5331c23ce118c53b172fa64a4c037eb83c9165aba3a7ba9ddd3ec9fa64a699",
                "sha256:af0372acb5d3598f36ec0914deed2a63f6bcdb7b606da04dc19a88d31bf0c05b",
                "sha256:afa4107d1b306cdf8953edde0534562607fe8811b6c4d9a486298ad31de733b2",
                "sha256:b03ae6f1a1878233ac620c98f3459f79fd77c7e3c2b20d460284e1fb370557d4",
                "sha256:b0915e734b33a474d76c28e07292f196cdf2a590a0d25bcc06e64e545f2d146c",
                "sha256:b4012d06c846dc2b80651b120e2cdd787b013deb39c09f407727ba90015c684f",
                "sha256:b472b5ea442148d1c3e2209f20f1e0bb0eb556538690fa70b5e1f79fa0ba8dc2",
                "sha256:b59430236b8e58840a0dfb4099a0e8717ffb779c952426a69ae435ca1f57210c",
                "sha256:b90f7616ea170e92820775ed47e136208e04c967271c9ef615b6fbd08d9af0e3",
                "sha256:b9a65733d103311331875c1dca05cb4606997fd33d6acfed695b1232ba1df193",
                "sha256:bac18ab8d2d1e6b4ce25e3424f709aceef668347db8637c2296bcf41acb7cf48",
                "sha256:bca31dd6014cb8b0b2db1e46081b0ca7d936f856da3b39744aef499db5d84d02",
                "sha256:be55f8457cd1eac957af0c3f5ece7bc3f033f89b114ef30f710882717670b2a8",
                "sha256:c7025dce65566eb6e89f56c9509d4f628fddcedb131d9465cacd3d8bac337e7e",
                "sha256:c935a22a557a560108d780f9a0fc426dd7459940dc54faa49d83249c8d3e760f",
                "sha256:dbb8e7f2abee51cef77673be97760abff1674ed32847ce04b4af90f610144c7b",
                "sha256:e6ea6b856a74d560d9326c0f5895ef8050126acfdc7ca08ad703eb0081e82b74",
                "sha256:ebf2029c1f464c59b8bdbe5143c79fa2045a581ac53679733d3a91d400ff9efb",
                "sha256:f1ff2ee69f10f13a9596480335f406dd1f70c3650349e2be67ca3139280cade0"
            ],
            "markers": "python_version >= '3.7'",
            "version": "==9.3.0"
        },
        "protobuf": {
            "hashes": [
                "sha256:001c2160c03b6349c04de39cf1a58e342750da3632f6978a1634a3dcca1ec10e",
                "sha256:0b250c60256c8824219352dc2a228a6b49987e5bf94d3ffcf4c46585efcbd499",
                "sha256:1d24c81c2310f0063b8fc1c20c8ed01f3331be9374b4b5c2de846f69e11e21fb",
                "sha256:1eb13f5a5a59ca4973bcfa2fc8fff644bd39f2109c3f7a60bd5860cb6a49b679",
                "sha256:25d2fcd6eef340082718ec9ad2c58d734429f2b1f7335d989523852f2bba220b",
                "sha256:32bf4a90c207a0b4e70ca6dd09d43de3cb9898f7d5b69c2e9e3b966a7f342820",
                "sha256:38fd9eb74b852e4ee14b16e9670cd401d147ee3f3ec0d4f7652e0c921d6227f8",
                "sha256:47257d932de14a7b6c4ae1b7dbf592388153ee35ec7cae216b87ae6490ed39a3",
                "sha256:4eda68bd9e2a4879385e6b1ea528c976f59cd9728382005cc54c28bcce8db983",
                "sha256:52bae32a147c375522ce09bd6af4d2949aca32a0415bc62df1456b3ad17c6001",
                "sha256:542f25a4adf3691a306dcc00bf9a73176554938ec9b98f20f929a044f80acf1b",
                "sha256:5b5860b790498f233cdc8d635a17fc08de62e59d4dcd8cdb6c6c0d38a31edf2b",
                "sha256:6efe066a7135233f97ce51a1aa007d4fb0be28ef093b4f88dac4ad1b3a2b7b6f",
                "sha256:71b2c3d1cd26ed1ec7c8196834143258b2ad7f444efff26fdc366c6f5e752702",
                "sha256:7a53d4035427b9dbfbb397f46642754d294f131e93c661d056366f2a31438263",
                "sha256:7dcd84dc31ebb35ade755e06d1561d1bd3b85e85dbdbf6278011fc97b22810db",
                "sha256:88c8be0558bdfc35e68c42ae5bf785eb9390d25915d4863bbc7583d23da77074",
                "sha256:8be43a91ab66fe995e85ccdbdd1046d9f0443d59e060c0840319290de25b7d33",
                "sha256:8d84453422312f8275455d1cb52d850d6a4d7d714b784e41b573c6f5bfc2a029",
                "sha256:9d0f3aca8ca51c8b5e204ab92bd8afdb2a8e3df46bd0ce0bd39065d79aabcaa4",
                "sha256:a1eebb6eb0653e594cb86cd8e536b9b083373fca9aba761ade6cd412d46fb2ab",
                "sha256:bc14037281db66aa60856cd4ce4541a942040686d290e3f3224dd3978f88f554",
                "sha256:fbcbb068ebe67c4ff6483d2e2aa87079c325f8470b24b098d6bf7d4d21d57a69",
                "sha256:fd7133b885e356fa4920ead8289bb45dc6f185a164e99e10279f33732ed5ce15"
            ],
            "markers": "python_version >= '3.7'",
            "version": "==3.20.0"
        },
        "pygame": {
            "hashes": [
                "sha256:0554e78a035f14ac81c364a820076c078cd723a00cd3253da0fa1a9000bf6cc3",
                "sha256:07c6c4f2e5d82001545ec789c7846b2209ebeb3079ea27e73bfc2d878fd7cce6",
                "sha256:08c45e05d83129a5b773ca1efe64b536d3ecbc26354faf4d41f0c6a3bab8800b",
                "sha256:118f550b12f6174d3fcbd2220381c8a4b9f30b67893dbb37e62e4b73b759c329",
                "sha256:1bfbccf44bf3787becc6460bdefc2117d233e635adb879d09e4ce22f2bf7c47f",
                "sha256:208d6fc9e9abd87f86ac04d5e118203a58f381cdd02d9fe23d0dbc3825791181",
                "sha256:20cad1b05dd6658317a391094c9a8d02de691e130be834affe440cf73da6dae9",
                "sha256:2195d9370f9126496c63fa2c84215f4a9d3d7085e0ee98067a694cafa2b5be4d",
                "sha256:288092e79a1e60f0758b073e055e739e5f14945d4a4384faf250be46260c61a1",
                "sha256:2abe5295df933e14ef234dcc14486e8a4843b3fc784a6cce627177546a8afa73",
                "sha256:2c88cfa5c0adcb9755818fab8607d04af79a9f6aa596f89e08ad2fcd735d29e5",
                "sha256:2f0779a985d8408daea35db8f5406cab4369fed4fc20d64e40a28ab178c34c43",
                "sha256:2fbea89ad0ce79abff3d9d42349cf2726a971e22de90099f93a8de1eca9eaeea",
                "sha256:386463dd493024bb7043b7881c31d0311985eef09b713d40ab6015782970f4be",
                "sha256:3d3a359f4945ed7801e172ae05d6692d8caf819cd2d55a496479b1be7388b78a",
                "sha256:423f7befb7d9b0edf1aa4ad57c136a88edb1a23a42190c646e23d4657476b289",
                "sha256:4394ebb09d53bfae026568c132e6fd48c0141f1a0681bb5183b6e24ac0acf8b1",
                "sha256:498f8a546f66fe909f2d24f0cac410af3e974bf0b67e2d7915344667ef460bf5",
                "sha256:4f0961189e8bbb1ebd278f14b7170ec324f57d25217b23562917dca590ded78a",
                "sha256:51c65812a671f871a407a7d1c837db79e00289a0c81a42ffedeb758490164a7c",
                "sha256:5265af53e7aa409756ac0cde3affcb359338e1e5247e164f4d150db0a301db69",
                "sha256:59ba0b9a7760ac90369cfbc42484d3faf880c1f1b70078919f2f1b5b79fd47f9",
                "sha256:5e3d0b95edb998468895d629477acac279068762aa39680aab89362e0cc92724",
                "sha256:64fff3f68fa24aa12240973b115b1bdd19954ad111c09e78741470d32d735143",
                "sha256:67ec337ecd6b066df7f98fc18d84f0a5f4071fcfb41f1d2213aed9696d50c576",
                "sha256:6f9ae55ca168793c518c110e210ceb69b35774583b27c95da75364be733d219d",
                "sha256:77d1feffbfa65469417755f38bf83921740de0c0bc5b99cc598e1e3b198339eb",
                "sha256:7fa10c184fa27abd1f0acbf36a7bc0ea3250f09ddcaa77b739fc9fdc92294af8",
                "sha256:874b9401e509fe3760d077b21aa8adaa7e0abf088616a3303e52fc8908cc3d0f",
                "sha256:8b7799d2e9232fa53ab2f8a64302e48d0f3e3d011da58f175f57f27c9d26602a",
                "sha256:8db064bf207cf4418346683bc8d415c9afee4fc9b2c57b7f81d7ce109250319b",
                "sha256:8fef8e98224d18ce71ac253be9d9c691bdcde4324f5ccb116aad236088f376e1",
                "sha256:92021bead9f23cf0b61075ed5f36bc3f026736358f157523bfa417578c0bbb2a",
                "sha256:94d98328e73d56be35cc3ae8e31f9d95fbce4f3dca6a74f05c58f4c5ef18c33d",
                "sha256:99668465fde865422018100b40c0e9b2a090df36f7af60a3eed442a2cf3751aa",
                "sha256:9b1dbb68f470539c862b38918e3227b0393323a4cac966d8144eeb8209ceeba1",
                "sha256:9ef7a284351ddeedda8becc039b8264117205bd0938bb3ea31a6edbb026d5fba",
                "sha256:a16acba14182c0528b549d6ff2fbb25016d16dd0141198603816333f03fbfbca",
                "sha256:a5aa2eae4f405eb29cfabb70f6d31277ed27028a23acc33cb3b7a29eef66c5a6",
                "sha256:afaa7c48426a99cbb8c0316e032616c695c3fe802e42851d885179e023656013",
                "sha256:b44c9e8a6705b9d4f817a7dcf0d44a7a6bf9d933fd3a915ec5ab49e8c3fff6b1",
                "sha256:bbebfa40273272091f788d42a79c68172be673a2110fe8de269a9069c84b4c92",
                "sha256:bceaa40f6f0b11427a9f555b93acac0ef992558855d64d9dd594f218c68456af",
                "sha256:bee952258627645c79d6f25bb0c9c7e2444276248f72d62a3d20e34d9a168fb5",
                "sha256:c12e89a4267ddb8c32d70e57c6bcdcb834008227eeb18b6e74cafdb812553f59",
                "sha256:c4136a391edf49c7ec4375c4eb1bf6f102e1fd8976d41f7e67f662a621dc5a93",
                "sha256:c4df48d75922d32209fe7da6e536e9303ff979cc63c497453b192ca56a0da13a",
                "sha256:c9dfca6c86bc2c21a59216e400da625cbd3cefc158c2961c2d85a479a0376ac7",
                "sha256:cbaf1933c7142ae5da08f74a3b7e721d067058b7da99823e8284e08563befddb",
                "sha256:d118a4a586fcc77f0e0a54e72d8c46d1300b8ee51d0b52a599f6183f69d67f9a",
                "sha256:d17fbc146baea042d7be788790d5b1ca24dc63150076c84f7a6cd57b4f2fa8f2",
                "sha256:db2a3c96fcecf0b4fdff110d735d7741b651771b59afb8af3a252ca8714deea9",
                "sha256:ddb302876526c9fd7d8fd373c5b6800d38ccdedf6703a71bbc4ddf9bad25e205",
                "sha256:dfb92bf1b82873935019d735c2d628e8ab7d7564debfa1180075f0cd23d20277",
                "sha256:e1b6367bfc79ddea1407601dfa5bf760f83dff37fd8d2d5ff52b33c2bb3a9057",
                "sha256:e2391fb7c0e5e355330a03d2cb21bb7bb1f124e613a480ca0c9eb1d83c922fa4",
                "sha256:e39a6bb0c8354cde3e7a83eff165f555d554122b783fd2cd25f29e23dcb30a60",
                "sha256:ea8135b923ef31d339e7d38ea033eb35ce77bc511c5bf7772569eb8358aa0c8d",
                "sha256:ec810d413e218a7c13c949aee43e72f6a3a3272ec55b609dedda658976f462ed",
                "sha256:eea90cb2bc552becc667f69b0c263b96a698d2403288eac95c5b2555b82cfbf8",
                "sha256:f37ecfb4be8b4d88fac0ea475033c624a19c7e852bbfe7f1ebf7298a25d9514b",
                "sha256:f3f6c16c92124b9b32479184a019aed05e9908d57f2718332d5cfb194e42739f",
                "sha256:fbf45549d6175a0669741bec3b6aba4ef991f805f95541cccc153a418f3f58bf",
                "sha256:fd25a3222f7df5e02d4a6c542008fd5db8784923e6133ab4f8d514eec4c260f1",
                "sha256:fed249eef5dbfb6044a4cac3e0d658b032738f28939b44dbba63008f4e5647c1",
                "sha256:fef57938cb733d11495377bb35e29e8b26ba08299d7026ac7c271a4f37d0e478"
            ],
            "index": "pypi",
            "version": "==2.1.3.dev8"
        },
        "requests": {
            "hashes": [
                "sha256:7c5599b102feddaa661c826c56ab4fee28bfd17f5abca1ebbe3e7f19d7c97983",
                "sha256:8fefa2a1a1365bf5520aac41836fbee479da67864514bdb821f31ce07ce65349"
            ],
            "markers": "python_version >= '3.7' and python_version < '4'",
            "version": "==2.28.1"
        },
        "six": {
            "hashes": [
                "sha256:1e61c37477a1626458e36f7b1d82aa5c9b094fa4802892072e49de9c60c4c926",
                "sha256:8abb2f1d86890a2dfb989f9a77cfcfd3e47c2a354b01111771326f8aa26e0254"
            ],
            "markers": "python_version >= '2.7' and python_version not in '3.0, 3.1, 3.2, 3.3'",
            "version": "==1.16.0"
        },
        "urllib3": {
            "hashes": [
                "sha256:3fa96cf423e6987997fc326ae8df396db2a8b7c667747d47ddd8ecba91f4a74e",
                "sha256:b930dd878d5a8afb066a637fbb35144fe7901e3b209d1cd4f524bd0e9deee997"
            ],
            "markers": "python_version >= '2.7' and python_version not in '3.0, 3.1, 3.2, 3.3, 3.4, 3.5' and python_version < '4'",
            "version": "==1.26.12"
        }
    },
    "develop": {
        "black": {
            "hashes": [
                "sha256:14ff67aec0a47c424bc99b71005202045dc09270da44a27848d534600ac64fc7",
                "sha256:197df8509263b0b8614e1df1756b1dd41be6738eed2ba9e9769f3880c2b9d7b6",
                "sha256:1e464456d24e23d11fced2bc8c47ef66d471f845c7b7a42f3bd77bf3d1789650",
                "sha256:2039230db3c6c639bd84efe3292ec7b06e9214a2992cd9beb293d639c6402edb",
                "sha256:21199526696b8f09c3997e2b4db8d0b108d801a348414264d2eb8eb2532e540d",
                "sha256:2644b5d63633702bc2c5f3754b1b475378fbbfb481f62319388235d0cd104c2d",
                "sha256:432247333090c8c5366e69627ccb363bc58514ae3e63f7fc75c54b1ea80fa7de",
                "sha256:444ebfb4e441254e87bad00c661fe32df9969b2bf224373a448d8aca2132b395",
                "sha256:5b9b29da4f564ba8787c119f37d174f2b69cdfdf9015b7d8c5c16121ddc054ae",
                "sha256:5cc42ca67989e9c3cf859e84c2bf014f6633db63d1cbdf8fdb666dcd9e77e3fa",
                "sha256:5d8f74030e67087b219b032aa33a919fae8806d49c867846bfacde57f43972ef",
                "sha256:72ef3925f30e12a184889aac03d77d031056860ccae8a1e519f6cbb742736383",
                "sha256:819dc789f4498ecc91438a7de64427c73b45035e2e3680c92e18795a839ebb66",
                "sha256:915ace4ff03fdfff953962fa672d44be269deb2eaf88499a0f8805221bc68c87",
                "sha256:9311e99228ae10023300ecac05be5a296f60d2fd10fff31cf5c1fa4ca4b1988d",
                "sha256:974308c58d057a651d182208a484ce80a26dac0caef2895836a92dd6ebd725e0",
                "sha256:b8b49776299fece66bffaafe357d929ca9451450f5466e997a7285ab0fe28e3b",
                "sha256:c957b2b4ea88587b46cf49d1dc17681c1e672864fd7af32fc1e9664d572b3458",
                "sha256:e41a86c6c650bcecc6633ee3180d80a025db041a8e2398dcc059b3afa8382cd4",
                "sha256:f513588da599943e0cde4e32cc9879e825d58720d6557062d1098c5ad80080e1",
                "sha256:fba8a281e570adafb79f7755ac8721b6cf1bbf691186a287e990c7929c7692ff"
            ],
            "index": "pypi",
            "version": "==22.10.0"
        },
        "click": {
            "hashes": [
                "sha256:7682dc8afb30297001674575ea00d1814d808d6a36af415a82bd481d37ba7b8e",
                "sha256:bb4d8133cb15a609f44e8213d9b391b0809795062913b383c62be0ee95b1db48"
            ],
            "markers": "python_version >= '3.7'",
            "version": "==8.1.3"
        },
        "mypy-extensions": {
            "hashes": [
                "sha256:090fedd75945a69ae91ce1303b5824f428daf5a028d2f6ab8a299250a846f15d",
                "sha256:2d82818f5bb3e369420cb3c4060a7970edba416647068eb4c5343488a6c604a8"
            ],
            "version": "==0.4.3"
        },
        "pathspec": {
            "hashes": [
                "sha256:88c2606f2c1e818b978540f73ecc908e13999c6c3a383daf3705652ae79807a5",
                "sha256:8f6bf73e5758fd365ef5d58ce09ac7c27d2833a8d7da51712eac6e27e35141b0"
            ],
            "markers": "python_version >= '3.7'",
            "version": "==0.10.2"
        },
        "platformdirs": {
            "hashes": [
                "sha256:1006647646d80f16130f052404c6b901e80ee4ed6bef6792e1f238a8969106f7",
                "sha256:af0276409f9a02373d540bf8480021a048711d572745aef4b7842dad245eba10"
            ],
            "markers": "python_version >= '3.7'",
            "version": "==2.5.4"
        },
        "tomli": {
            "hashes": [
                "sha256:939de3e7a6161af0c887ef91b7d41a53e7c5a1ca976325f429cb46ea9bc30ecc",
                "sha256:de526c12914f0c550d15924c62d72abc48d6fe7364aa87328337a31007fe8a4f"
            ],
            "markers": "python_full_version < '3.11.0a7'",
            "version": "==2.0.1"
        }
    }
}
